// !$*UTF8*$!
{
	archiveVersion = 1;
	classes = {
	};
	objectVersion = 55;
	objects = {

/* Begin PBXBuildFile section */
		EF59020A280AF67C008353A5 /* AppDelegate.swift in Sources */ = {isa = PBXBuildFile; fileRef = EF590209280AF67C008353A5 /* AppDelegate.swift */; };
		EF59020C280AF67C008353A5 /* SceneDelegate.swift in Sources */ = {isa = PBXBuildFile; fileRef = EF59020B280AF67C008353A5 /* SceneDelegate.swift */; };
		EF59020E280AF67C008353A5 /* ViewController.swift in Sources */ = {isa = PBXBuildFile; fileRef = EF59020D280AF67C008353A5 /* ViewController.swift */; };
		EF590211280AF67C008353A5 /* Main.storyboard in Resources */ = {isa = PBXBuildFile; fileRef = EF59020F280AF67C008353A5 /* Main.storyboard */; };
		EF590213280AF67D008353A5 /* Assets.xcassets in Resources */ = {isa = PBXBuildFile; fileRef = EF590212280AF67D008353A5 /* Assets.xcassets */; };
		EF590216280AF67D008353A5 /* LaunchScreen.storyboard in Resources */ = {isa = PBXBuildFile; fileRef = EF590214280AF67D008353A5 /* LaunchScreen.storyboard */; };
		EF59021E280AF805008353A5 /* DetailsVC.swift in Sources */ = {isa = PBXBuildFile; fileRef = EF59021D280AF805008353A5 /* DetailsVC.swift */; };
		EF590221280AFB04008353A5 /* TableViewCell.swift in Sources */ = {isa = PBXBuildFile; fileRef = EF590220280AFB04008353A5 /* TableViewCell.swift */; };
		EF590226280AFFA2008353A5 /* News.swift in Sources */ = {isa = PBXBuildFile; fileRef = EF590225280AFFA2008353A5 /* News.swift */; };
		EF590229280B01DB008353A5 /* Webservice.swift in Sources */ = {isa = PBXBuildFile; fileRef = EF590228280B01DB008353A5 /* Webservice.swift */; };
		EF59022B280B0761008353A5 /* NewsResponse.swift in Sources */ = {isa = PBXBuildFile; fileRef = EF59022A280B0761008353A5 /* NewsResponse.swift */; };
/* End PBXBuildFile section */

/* Begin PBXFileReference section */
		EF590206280AF67C008353A5 /* NewsApp-Swift.app */ = {isa = PBXFileReference; explicitFileType = wrapper.application; includeInIndex = 0; path = "NewsApp-Swift.app"; sourceTree = BUILT_PRODUCTS_DIR; };
		EF590209280AF67C008353A5 /* AppDelegate.swift */ = {isa = PBXFileReference; lastKnownFileType = sourcecode.swift; path = AppDelegate.swift; sourceTree = "<group>"; };
		EF59020B280AF67C008353A5 /* SceneDelegate.swift */ = {isa = PBXFileReference; lastKnownFileType = sourcecode.swift; path = SceneDelegate.swift; sourceTree = "<group>"; };
		EF59020D280AF67C008353A5 /* ViewController.swift */ = {isa = PBXFileReference; lastKnownFileType = sourcecode.swift; path = ViewController.swift; sourceTree = "<group>"; };
		EF590210280AF67C008353A5 /* Base */ = {isa = PBXFileReference; lastKnownFileType = file.storyboard; name = Base; path = Base.lproj/Main.storyboard; sourceTree = "<group>"; };
		EF590212280AF67D008353A5 /* Assets.xcassets */ = {isa = PBXFileReference; lastKnownFileType = folder.assetcatalog; path = Assets.xcassets; sourceTree = "<group>"; };
		EF590215280AF67D008353A5 /* Base */ = {isa = PBXFileReference; lastKnownFileType = file.storyboard; name = Base; path = Base.lproj/LaunchScreen.storyboard; sourceTree = "<group>"; };
		EF590217280AF67D008353A5 /* Info.plist */ = {isa = PBXFileReference; lastKnownFileType = text.plist.xml; path = Info.plist; sourceTree = "<group>"; };
		EF59021D280AF805008353A5 /* DetailsVC.swift */ = {isa = PBXFileReference; lastKnownFileType = sourcecode.swift; path = DetailsVC.swift; sourceTree = "<group>"; };
		EF590220280AFB04008353A5 /* TableViewCell.swift */ = {isa = PBXFileReference; lastKnownFileType = sourcecode.swift; path = TableViewCell.swift; sourceTree = "<group>"; };
		EF590225280AFFA2008353A5 /* News.swift */ = {isa = PBXFileReference; lastKnownFileType = sourcecode.swift; path = News.swift; sourceTree = "<group>"; };
		EF590228280B01DB008353A5 /* Webservice.swift */ = {isa = PBXFileReference; lastKnownFileType = sourcecode.swift; path = Webservice.swift; sourceTree = "<group>"; };
		EF59022A280B0761008353A5 /* NewsResponse.swift */ = {isa = PBXFileReference; lastKnownFileType = sourcecode.swift; path = NewsResponse.swift; sourceTree = "<group>"; };
/* End PBXFileReference section */

/* Begin PBXFrameworksBuildPhase section */
		EF590203280AF67C008353A5 /* Frameworks */ = {
			isa = PBXFrameworksBuildPhase;
			buildActionMask = 2147483647;
			files = (
			);
			runOnlyForDeploymentPostprocessing = 0;
		};
/* End PBXFrameworksBuildPhase section */

/* Begin PBXGroup section */
		EF5901FD280AF67C008353A5 = {
			isa = PBXGroup;
			children = (
				EF590208280AF67C008353A5 /* NewsApp-Swift */,
				EF590207280AF67C008353A5 /* Products */,
			);
			sourceTree = "<group>";
		};
		EF590207280AF67C008353A5 /* Products */ = {
			isa = PBXGroup;
			children = (
				EF590206280AF67C008353A5 /* NewsApp-Swift.app */,
			);
			name = Products;
			sourceTree = "<group>";
		};
		EF590208280AF67C008353A5 /* NewsApp-Swift */ = {
			isa = PBXGroup;
			children = (
				EF590227280B01BD008353A5 /* Service */,
				EF590224280AFF80008353A5 /* Model */,
				EF59021F280AF8C5008353A5 /* View */,
				EF59020F280AF67C008353A5 /* Main.storyboard */,
				EF590212280AF67D008353A5 /* Assets.xcassets */,
				EF590214280AF67D008353A5 /* LaunchScreen.storyboard */,
				EF590217280AF67D008353A5 /* Info.plist */,
			);
			path = "NewsApp-Swift";
			sourceTree = "<group>";
		};
		EF59021F280AF8C5008353A5 /* View */ = {
			isa = PBXGroup;
			children = (
				EF590222280AFB37008353A5 /* Delegate */,
				EF59020D280AF67C008353A5 /* ViewController.swift */,
				EF59021D280AF805008353A5 /* DetailsVC.swift */,
				EF590220280AFB04008353A5 /* TableViewCell.swift */,
			);
			path = View;
			sourceTree = "<group>";
		};
		EF590222280AFB37008353A5 /* Delegate */ = {
			isa = PBXGroup;
			children = (
				EF590209280AF67C008353A5 /* AppDelegate.swift */,
				EF59020B280AF67C008353A5 /* SceneDelegate.swift */,
			);
			path = Delegate;
			sourceTree = "<group>";
		};
		EF590224280AFF80008353A5 /* Model */ = {
			isa = PBXGroup;
			children = (
				EF590225280AFFA2008353A5 /* News.swift */,
				EF59022A280B0761008353A5 /* NewsResponse.swift */,
			);
			path = Model;
			sourceTree = "<group>";
		};
		EF590227280B01BD008353A5 /* Service */ = {
			isa = PBXGroup;
			children = (
				EF590228280B01DB008353A5 /* Webservice.swift */,
			);
			path = Service;
			sourceTree = "<group>";
		};
/* End PBXGroup section */

/* Begin PBXNativeTarget section */
		EF590205280AF67C008353A5 /* NewsApp-Swift */ = {
			isa = PBXNativeTarget;
			buildConfigurationList = EF59021A280AF67D008353A5 /* Build configuration list for PBXNativeTarget "NewsApp-Swift" */;
			buildPhases = (
				EF590202280AF67C008353A5 /* Sources */,
				EF590203280AF67C008353A5 /* Frameworks */,
				EF590204280AF67C008353A5 /* Resources */,
			);
			buildRules = (
			);
			dependencies = (
			);
			name = "NewsApp-Swift";
			productName = "NewsApp-Swift";
			productReference = EF590206280AF67C008353A5 /* NewsApp-Swift.app */;
			productType = "com.apple.product-type.application";
		};
/* End PBXNativeTarget section */

/* Begin PBXProject section */
		EF5901FE280AF67C008353A5 /* Project object */ = {
			isa = PBXProject;
			attributes = {
				BuildIndependentTargetsInParallel = 1;
				LastSwiftUpdateCheck = 1320;
				LastUpgradeCheck = 1320;
				TargetAttributes = {
					EF590205280AF67C008353A5 = {
						CreatedOnToolsVersion = 13.2.1;
					};
				};
			};
			buildConfigurationList = EF590201280AF67C008353A5 /* Build configuration list for PBXProject "NewsApp-Swift" */;
			compatibilityVersion = "Xcode 13.0";
			developmentRegion = en;
			hasScannedForEncodings = 0;
			knownRegions = (
				en,
				Base,
			);
			mainGroup = EF5901FD280AF67C008353A5;
			productRefGroup = EF590207280AF67C008353A5 /* Products */;
			projectDirPath = "";
			projectRoot = "";
			targets = (
				EF590205280AF67C008353A5 /* NewsApp-Swift */,
			);
		};
/* End PBXProject section */

/* Begin PBXResourcesBuildPhase section */
		EF590204280AF67C008353A5 /* Resources */ = {
			isa = PBXResourcesBuildPhase;
			buildActionMask = 2147483647;
			files = (
				EF590216280AF67D008353A5 /* LaunchScreen.storyboard in Resources */,
				EF590213280AF67D008353A5 /* Assets.xcassets in Resources */,
				EF590211280AF67C008353A5 /* Main.storyboard in Resources */,
			);
			runOnlyForDeploymentPostprocessing = 0;
		};
/* End PBXResourcesBuildPhase section */

/* Begin PBXSourcesBuildPhase section */
		EF590202280AF67C008353A5 /* Sources */ = {
			isa = PBXSourcesBuildPhase;
			buildActionMask = 2147483647;
			files = (
				EF590226280AFFA2008353A5 /* News.swift in Sources */,
				EF59022B280B0761008353A5 /* NewsResponse.swift in Sources */,
				EF590229280B01DB008353A5 /* Webservice.swift in Sources */,
				EF590221280AFB04008353A5 /* TableViewCell.swift in Sources */,
				EF59020E280AF67C008353A5 /* ViewController.swift in Sources */,
				EF59021E280AF805008353A5 /* DetailsVC.swift in Sources */,
				EF59020A280AF67C008353A5 /* AppDelegate.swift in Sources */,
				EF59020C280AF67C008353A5 /* SceneDelegate.swift in Sources */,
			);
			runOnlyForDeploymentPostprocessing = 0;
		};
/* End PBXSourcesBuildPhase section */

/* Begin PBXVariantGroup section */
		EF59020F280AF67C008353A5 /* Main.storyboard */ = {
			isa = PBXVariantGroup;
			children = (
				EF590210280AF67C008353A5 /* Base */,
			);
			name = Main.storyboard;
			sourceTree = "<group>";
		};
		EF590214280AF67D008353A5 /* LaunchScreen.storyboard */ = {
			isa = PBXVariantGroup;
			children = (
				EF590215280AF67D008353A5 /* Base */,
			);
			name = LaunchScreen.storyboard;
			sourceTree = "<group>";
		};
/* End PBXVariantGroup section */

/* Begin XCBuildConfiguration section */
		EF590218280AF67D008353A5 /* Debug */ = {
			isa = XCBuildConfiguration;
			buildSettings = {
				ALWAYS_SEARCH_USER_PATHS = NO;
				CLANG_ANALYZER_NONNULL = YES;
				CLANG_ANALYZER_NUMBER_OBJECT_CONVERSION = YES_AGGRESSIVE;
				CLANG_CXX_LANGUAGE_STANDARD = "gnu++17";
				CLANG_CXX_LIBRARY = "libc++";
				CLANG_ENABLE_MODULES = YES;
				CLANG_ENABLE_OBJC_ARC = YES;
				CLANG_ENABLE_OBJC_WEAK = YES;
				CLANG_WARN_BLOCK_CAPTURE_AUTORELEASING = YES;
				CLANG_WARN_BOOL_CONVERSION = YES;
				CLANG_WARN_COMMA = YES;
				CLANG_WARN_CONSTANT_CONVERSION = YES;
				CLANG_WARN_DEPRECATED_OBJC_IMPLEMENTATIONS = YES;
				CLANG_WARN_DIRECT_OBJC_ISA_USAGE = YES_ERROR;
				CLANG_WARN_DOCUMENTATION_COMMENTS = YES;
				CLANG_WARN_EMPTY_BODY = YES;
				CLANG_WARN_ENUM_CONVERSION = YES;
				CLANG_WARN_INFINITE_RECURSION = YES;
				CLANG_WARN_INT_CONVERSION = YES;
				CLANG_WARN_NON_LITERAL_NULL_CONVERSION = YES;
				CLANG_WARN_OBJC_IMPLICIT_RETAIN_SELF = YES;
				CLANG_WARN_OBJC_LITERAL_CONVERSION = YES;
				CLANG_WARN_OBJC_ROOT_CLASS = YES_ERROR;
				CLANG_WARN_QUOTED_INCLUDE_IN_FRAMEWORK_HEADER = YES;
				CLANG_WARN_RANGE_LOOP_ANALYSIS = YES;
				CLANG_WARN_STRICT_PROTOTYPES = YES;
				CLANG_WARN_SUSPICIOUS_MOVE = YES;
				CLANG_WARN_UNGUARDED_AVAILABILITY = YES_AGGRESSIVE;
				CLANG_WARN_UNREACHABLE_CODE = YES;
				CLANG_WARN__DUPLICATE_METHOD_MATCH = YES;
				COPY_PHASE_STRIP = NO;
				DEBUG_INFORMATION_FORMAT = dwarf;
				ENABLE_STRICT_OBJC_MSGSEND = YES;
				ENABLE_TESTABILITY = YES;
				GCC_C_LANGUAGE_STANDARD = gnu11;
				GCC_DYNAMIC_NO_PIC = NO;
				GCC_NO_COMMON_BLOCKS = YES;
				GCC_OPTIMIZATION_LEVEL = 0;
				GCC_PREPROCESSOR_DEFINITIONS = (
					"DEBUG=1",
					"$(inherited)",
				);
				GCC_WARN_64_TO_32_BIT_CONVERSION = YES;
				GCC_WARN_ABOUT_RETURN_TYPE = YES_ERROR;
				GCC_WARN_UNDECLARED_SELECTOR = YES;
				GCC_WARN_UNINITIALIZED_AUTOS = YES_AGGRESSIVE;
				GCC_WARN_UNUSED_FUNCTION = YES;
				GCC_WARN_UNUSED_VARIABLE = YES;
				IPHONEOS_DEPLOYMENT_TARGET = 15.2;
				MTL_ENABLE_DEBUG_INFO = INCLUDE_SOURCE;
				MTL_FAST_MATH = YES;
				ONLY_ACTIVE_ARCH = YES;
				SDKROOT = iphoneos;
				SWIFT_ACTIVE_COMPILATION_CONDITIONS = DEBUG;
				SWIFT_OPTIMIZATION_LEVEL = "-Onone";
			};
			name = Debug;
		};
		EF590219280AF67D008353A5 /* Release */ = {
			isa = XCBuildConfiguration;
			buildSettings = {
				ALWAYS_SEARCH_USER_PATHS = NO;
				CLANG_ANALYZER_NONNULL = YES;
				CLANG_ANALYZER_NUMBER_OBJECT_CONVERSION = YES_AGGRESSIVE;
				CLANG_CXX_LANGUAGE_STANDARD = "gnu++17";
				CLANG_CXX_LIBRARY = "libc++";
				CLANG_ENABLE_MODULES = YES;
				CLANG_ENABLE_OBJC_ARC = YES;
				CLANG_ENABLE_OBJC_WEAK = YES;
				CLANG_WARN_BLOCK_CAPTURE_AUTORELEASING = YES;
				CLANG_WARN_BOOL_CONVERSION = YES;
				CLANG_WARN_COMMA = YES;
				CLANG_WARN_CONSTANT_CONVERSION = YES;
				CLANG_WARN_DEPRECATED_OBJC_IMPLEMENTATIONS = YES;
				CLANG_WARN_DIRECT_OBJC_ISA_USAGE = YES_ERROR;
				CLANG_WARN_DOCUMENTATION_COMMENTS = YES;
				CLANG_WARN_EMPTY_BODY = YES;
				CLANG_WARN_ENUM_CONVERSION = YES;
				CLANG_WARN_INFINITE_RECURSION = YES;
				CLANG_WARN_INT_CONVERSION = YES;
				CLANG_WARN_NON_LITERAL_NULL_CONVERSION = YES;
				CLANG_WARN_OBJC_IMPLICIT_RETAIN_SELF = YES;
				CLANG_WARN_OBJC_LITERAL_CONVERSION = YES;
				CLANG_WARN_OBJC_ROOT_CLASS = YES_ERROR;
				CLANG_WARN_QUOTED_INCLUDE_IN_FRAMEWORK_HEADER = YES;
				CLANG_WARN_RANGE_LOOP_ANALYSIS = YES;
				CLANG_WARN_STRICT_PROTOTYPES = YES;
				CLANG_WARN_SUSPICIOUS_MOVE = YES;
				CLANG_WARN_UNGUARDED_AVAILABILITY = YES_AGGRESSIVE;
				CLANG_WARN_UNREACHABLE_CODE = YES;
				CLANG_WARN__DUPLICATE_METHOD_MATCH = YES;
				COPY_PHASE_STRIP = NO;
				DEBUG_INFORMATION_FORMAT = "dwarf-with-dsym";
				ENABLE_NS_ASSERTIONS = NO;
				ENABLE_STRICT_OBJC_MSGSEND = YES;
				GCC_C_LANGUAGE_STANDARD = gnu11;
				GCC_NO_COMMON_BLOCKS = YES;
				GCC_WARN_64_TO_32_BIT_CONVERSION = YES;
				GCC_WARN_ABOUT_RETURN_TYPE = YES_ERROR;
				GCC_WARN_UNDECLARED_SELECTOR = YES;
				GCC_WARN_UNINITIALIZED_AUTOS = YES_AGGRESSIVE;
				GCC_WARN_UNUSED_FUNCTION = YES;
				GCC_WARN_UNUSED_VARIABLE = YES;
				IPHONEOS_DEPLOYMENT_TARGET = 15.2;
				MTL_ENABLE_DEBUG_INFO = NO;
				MTL_FAST_MATH = YES;
				SDKROOT = iphoneos;
				SWIFT_COMPILATION_MODE = wholemodule;
				SWIFT_OPTIMIZATION_LEVEL = "-O";
				VALIDATE_PRODUCT = YES;
			};
			name = Release;
		};
		EF59021B280AF67D008353A5 /* Debug */ = {
			isa = XCBuildConfiguration;
			buildSettings = {
				ASSETCATALOG_COMPILER_APPICON_NAME = AppIcon;
				ASSETCATALOG_COMPILER_GLOBAL_ACCENT_COLOR_NAME = AccentColor;
				CODE_SIGN_STYLE = Automatic;
				CURRENT_PROJECT_VERSION = 1;
				DEVELOPMENT_TEAM = VWG7ZN5P87;
				GENERATE_INFOPLIST_FILE = YES;
				INFOPLIST_FILE = "NewsApp-Swift/Info.plist";
				INFOPLIST_KEY_UIApplicationSupportsIndirectInputEvents = YES;
				INFOPLIST_KEY_UILaunchStoryboardName = LaunchScreen;
				INFOPLIST_KEY_UIMainStoryboardFile = Main;
				INFOPLIST_KEY_UISupportedInterfaceOrientations_iPad = "UIInterfaceOrientationPortrait UIInterfaceOrientationPortraitUpsideDown UIInterfaceOrientationLandscapeLeft UIInterfaceOrientationLandscapeRight";
				INFOPLIST_KEY_UISupportedInterfaceOrientations_iPhone = "UIInterfaceOrientationPortrait UIInterfaceOrientationLandscapeLeft UIInterfaceOrientationLandscapeRight";
				LD_RUNPATH_SEARCH_PATHS = (
					"$(inherited)",
					"@executable_path/Frameworks",
				);
				MARKETING_VERSION = 1.0;
				PRODUCT_BUNDLE_IDENTIFIER = "com.fuadkarimli.NewsApp-Swift";
				PRODUCT_NAME = "$(TARGET_NAME)";
				SWIFT_EMIT_LOC_STRINGS = YES;
				SWIFT_VERSION = 5.0;
				TARGETED_DEVICE_FAMILY = 1;
			};
			name = Debug;
		};
		EF59021C280AF67D008353A5 /* Release */ = {
			isa = XCBuildConfiguration;
			buildSettings = {
				ASSETCATALOG_COMPILER_APPICON_NAME = AppIcon;
				ASSETCATALOG_COMPILER_GLOBAL_ACCENT_COLOR_NAME = AccentColor;
				CODE_SIGN_STYLE = Automatic;
				CURRENT_PROJECT_VERSION = 1;
				DEVELOPMENT_TEAM = VWG7ZN5P87;
				GENERATE_INFOPLIST_FILE = YES;
				INFOPLIST_FILE = "NewsApp-Swift/Info.plist";
				INFOPLIST_KEY_UIApplicationSupportsIndirectInputEvents = YES;
				INFOPLIST_KEY_UILaunchStoryboardName = LaunchScreen;
				INFOPLIST_KEY_UIMainStoryboardFile = Main;
				INFOPLIST_KEY_UISupportedInterfaceOrientations_iPad = "UIInterfaceOrientationPortrait UIInterfaceOrientationPortraitUpsideDown UIInterfaceOrientationLandscapeLeft UIInterfaceOrientationLandscapeRight";
				INFOPLIST_KEY_UISupportedInterfaceOrientations_iPhone = "UIInterfaceOrientationPortrait UIInterfaceOrientationLandscapeLeft UIInterfaceOrientationLandscapeRight";
				LD_RUNPATH_SEARCH_PATHS = (
					"$(inherited)",
					"@executable_path/Frameworks",
				);
				MARKETING_VERSION = 1.0;
				PRODUCT_BUNDLE_IDENTIFIER = "com.fuadkarimli.NewsApp-Swift";
				PRODUCT_NAME = "$(TARGET_NAME)";
				SWIFT_EMIT_LOC_STRINGS = YES;
				SWIFT_VERSION = 5.0;
				TARGETED_DEVICE_FAMILY = 1;
			};
			name = Release;
		};
/* End XCBuildConfiguration section */

/* Begin XCConfigurationList section */
		EF590201280AF67C008353A5 /* Build configuration list for PBXProject "NewsApp-Swift" */ = {
			isa = XCConfigurationList;
			buildConfigurations = (
				EF590218280AF67D008353A5 /* Debug */,
				EF590219280AF67D008353A5 /* Release */,
			);
			defaultConfigurationIsVisible = 0;
			defaultConfigurationName = Release;
		};
		EF59021A280AF67D008353A5 /* Build configuration list for PBXNativeTarget "NewsApp-Swift" */ = {
			isa = XCConfigurationList;
			buildConfigurations = (
				EF59021B280AF67D008353A5 /* Debug */,
				EF59021C280AF67D008353A5 /* Release */,
			);
			defaultConfigurationIsVisible = 0;
			defaultConfigurationName = Release;
		};
/* End XCConfigurationList section */
	};
	rootObject = EF5901FE280AF67C008353A5 /* Project object */;
}
